<?xml version="1.0" encoding="utf-8"?>
<Project ToolsVersion="4.0" xmlns="http://schemas.microsoft.com/developer/msbuild/2003">
  <ItemGroup>
    <Filter Include="Source Files">
      <UniqueIdentifier>{4FC737F1-C7A5-4376-A066-2A32D752A2FF}</UniqueIdentifier>
      <Extensions>cpp;c;cc;cxx;c++;cppm;ixx;def;odl;idl;hpj;bat;asm;asmx</Extensions>
    </Filter>
    <Filter Include="Header Files">
      <UniqueIdentifier>{93995380-89BD-4b04-88EB-625FBE52EBFB}</UniqueIdentifier>
      <Extensions>h;hh;hpp;hxx;h++;hm;inl;inc;ipp;xsd</Extensions>
    </Filter>
    <Filter Include="Resource Files">
      <UniqueIdentifier>{67DA6AB6-F800-4c08-8B7A-83BB121AAD01}</UniqueIdentifier>
      <Extensions>rc;ico;cur;bmp;dlg;rc2;rct;bin;rgs;gif;jpg;jpeg;jpe;resx;tiff;tif;png;wav;mfcribbon-ms</Extensions>
    </Filter>
    <Filter Include="Global">
      <UniqueIdentifier>{c0bf5930-f4d7-480f-8e3d-8c734a5d8d6a}</UniqueIdentifier>
    </Filter>
    <Filter Include="Input">
      <UniqueIdentifier>{80d4642f-cdcc-4c03-92f2-3f380dc7bb5c}</UniqueIdentifier>
    </Filter>
    <Filter Include="Light Manager">
      <UniqueIdentifier>{614b03a6-b653-4f92-9cc7-d7410adfa2a1}</UniqueIdentifier>
    </Filter>
    <Filter Include="Meshes">
      <UniqueIdentifier>{9cdf6884-70a7-4cf3-8415-9c6090675d57}</UniqueIdentifier>
    </Filter>
    <Filter Include="Meshes\VAOManager">
      <UniqueIdentifier>{4a26250d-1865-4187-8781-45ceeff3989e}</UniqueIdentifier>
    </Filter>
    <Filter Include="Physics">
      <UniqueIdentifier>{a21932e4-bd18-4fe2-ad96-5998d89312a4}</UniqueIdentifier>
    </Filter>
    <Filter Include="Physics\Shots">
      <UniqueIdentifier>{ce10f594-c52d-42fd-8a8f-d7463c3ae5e7}</UniqueIdentifier>
    </Filter>
    <Filter Include="Shader Manager">
      <UniqueIdentifier>{5015f872-06e4-48ae-ad09-fb7eb968c691}</UniqueIdentifier>
    </Filter>
    <Filter Include="Shader Manager\Shaders">
      <UniqueIdentifier>{0640638d-7df6-4826-808e-3d8379997beb}</UniqueIdentifier>
    </Filter>
    <Filter Include="Texture Manager">
      <UniqueIdentifier>{d1df5dbb-ef48-43e5-8009-dfa00e7b1724}</UniqueIdentifier>
    </Filter>
    <Filter Include="Config JSON">
      <UniqueIdentifier>{c5e8eca2-8814-41b8-87b5-11e80cbd7c0f}</UniqueIdentifier>
    </Filter>
    <Filter Include="Physics\Entities">
      <UniqueIdentifier>{d949a361-c29b-4669-91d0-da86fc332123}</UniqueIdentifier>
    </Filter>
  </ItemGroup>
  <ItemGroup>
    <ClCompile Include="DrawObject_function.cpp">
      <Filter>Source Files</Filter>
    </ClCompile>
    <ClCompile Include="..\common\glad.c">
      <Filter>Source Files</Filter>
    </ClCompile>
    <ClCompile Include="globalThings.cpp">
      <Filter>Global</Filter>
    </ClCompile>
    <ClCompile Include="StartUp.cpp">
      <Filter>Global</Filter>
    </ClCompile>
    <ClCompile Include="Shutdown.cpp">
      <Filter>Global</Filter>
    </ClCompile>
    <ClCompile Include="cGLFWKeyboadModifiers.cpp">
      <Filter>Input</Filter>
    </ClCompile>
    <ClCompile Include="GLFW_error_callback.cpp">
      <Filter>Input</Filter>
    </ClCompile>
    <ClCompile Include="GLFW_key_callback.cpp">
      <Filter>Input</Filter>
    </ClCompile>
    <ClCompile Include="InputHandling.cpp">
      <Filter>Input</Filter>
    </ClCompile>
    <ClCompile Include="cLightHelper.cpp">
      <Filter>Light Manager</Filter>
    </ClCompile>
    <ClCompile Include="cLightManager.cpp">
      <Filter>Light Manager</Filter>
    </ClCompile>
    <ClCompile Include="cMesh.cpp">
      <Filter>Meshes</Filter>
    </ClCompile>
    <ClCompile Include="cVAOManager.cpp">
      <Filter>Meshes\VAOManager</Filter>
    </ClCompile>
    <ClCompile Include="src\physics\cParticle.cpp">
      <Filter>Physics</Filter>
    </ClCompile>
    <ClCompile Include="src\physics\cParticleContact.cpp">
      <Filter>Physics</Filter>
    </ClCompile>
    <ClCompile Include="src\physics\cParticleContactResolver.cpp">
      <Filter>Physics</Filter>
    </ClCompile>
    <ClCompile Include="src\physics\cParticleForceRegistry.cpp">
      <Filter>Physics</Filter>
    </ClCompile>
    <ClCompile Include="src\physics\cParticleWorld.cpp">
      <Filter>Physics</Filter>
    </ClCompile>
    <ClCompile Include="src\physics\particle_contact_generators.cpp">
      <Filter>Physics</Filter>
    </ClCompile>
    <ClCompile Include="src\physics\random_helpers.cpp">
      <Filter>Physics</Filter>
    </ClCompile>
    <ClCompile Include="cBullet.cpp">
      <Filter>Physics\Shots</Filter>
    </ClCompile>
    <ClCompile Include="cCannonShot.cpp">
      <Filter>Physics\Shots</Filter>
    </ClCompile>
    <ClCompile Include="cShader.cpp">
      <Filter>Shader Manager</Filter>
    </ClCompile>
    <ClCompile Include="cShaderManager.cpp">
      <Filter>Shader Manager</Filter>
    </ClCompile>
    <ClCompile Include="TextureMapping\C24BitBMPpixel.cpp">
      <Filter>Texture Manager</Filter>
    </ClCompile>
    <ClCompile Include="TextureMapping\cBasicTextureManager.cpp">
      <Filter>Texture Manager</Filter>
    </ClCompile>
    <ClCompile Include="TextureMapping\CTextureFromBMP.cpp">
      <Filter>Texture Manager</Filter>
    </ClCompile>
    <ClCompile Include="TextureMapping\lodepng.cpp">
      <Filter>Texture Manager</Filter>
    </ClCompile>
    <ClCompile Include="main.cpp">
      <Filter>Source Files</Filter>
    </ClCompile>
    <ClCompile Include="src\physics\particle_constraints.cpp">
      <Filter>Physics</Filter>
    </ClCompile>
    <ClCompile Include="cHangingChainEntity.cpp">
      <Filter>Physics\Entities</Filter>
    </ClCompile>
    <ClCompile Include="cLaser.cpp">
      <Filter>Physics\Shots</Filter>
    </ClCompile>
    <ClCompile Include="cConfigReaderJSON.cpp">
      <Filter>Config JSON</Filter>
    </ClCompile>
    <ClCompile Include="cBoxEntity.cpp">
      <Filter>Physics\Entities</Filter>
    </ClCompile>
    <ClCompile Include="cSpinningBladeEntity.cpp">
      <Filter>Physics\Entities</Filter>
    </ClCompile>
    <ClCompile Include="cTarget.cpp">
      <Filter>Physics\Entities</Filter>
    </ClCompile>
    <ClCompile Include="particle_force_generators.cpp">
      <Filter>Physics</Filter>
    </ClCompile>
    <ClCompile Include="cSpringParticle.cpp">
      <Filter>Physics\Entities</Filter>
    </ClCompile>
  </ItemGroup>
  <ItemGroup>
    <ClInclude Include="sVertex_types.h">
      <Filter>Source Files</Filter>
    </ClInclude>
    <ClInclude Include="globalThings.h">
      <Filter>Global</Filter>
    </ClInclude>
    <ClInclude Include="GLMCommon.h">
      <Filter>Header Files</Filter>
    </ClInclude>
    <ClInclude Include="cLightHelper.h">
      <Filter>Light Manager</Filter>
    </ClInclude>
    <ClInclude Include="cLightManager.h">
      <Filter>Light Manager</Filter>
    </ClInclude>
    <ClInclude Include="cMesh.h">
      <Filter>Meshes</Filter>
    </ClInclude>
    <ClInclude Include="cVAOManager.h">
      <Filter>Meshes\VAOManager</Filter>
    </ClInclude>
    <ClInclude Include="GLCommon.h">
      <Filter>Header Files</Filter>
    </ClInclude>
    <ClInclude Include="include\physics\cParticle.h">
      <Filter>Physics</Filter>
    </ClInclude>
    <ClInclude Include="include\physics\cParticleContact.h">
      <Filter>Physics</Filter>
    </ClInclude>
    <ClInclude Include="include\physics\cParticleContactResolver.h">
      <Filter>Physics</Filter>
    </ClInclude>
    <ClInclude Include="include\physics\cParticleForceRegistry.h">
      <Filter>Physics</Filter>
    </ClInclude>
    <ClInclude Include="include\physics\cParticleWorld.h">
      <Filter>Physics</Filter>
    </ClInclude>
    <ClInclude Include="include\physics\iParticleContactGenerator.h">
      <Filter>Physics</Filter>
    </ClInclude>
    <ClInclude Include="include\physics\iParticleForceGenerator.h">
      <Filter>Physics</Filter>
    </ClInclude>
    <ClInclude Include="include\physics\particle_contact_generators.h">
      <Filter>Physics</Filter>
    </ClInclude>
    <ClInclude Include="include\physics\random_helpers.h">
      <Filter>Physics</Filter>
    </ClInclude>
    <ClInclude Include="cBullet.h">
      <Filter>Physics\Shots</Filter>
    </ClInclude>
    <ClInclude Include="cCannonShot.h">
      <Filter>Physics\Shots</Filter>
    </ClInclude>
    <ClInclude Include="cShaderManager.h">
      <Filter>Shader Manager</Filter>
    </ClInclude>
    <ClInclude Include="TextureMapping\C24BitBMPpixel.h">
      <Filter>Texture Manager</Filter>
    </ClInclude>
    <ClInclude Include="TextureMapping\cBasicTextureManager.h">
      <Filter>Texture Manager</Filter>
    </ClInclude>
    <ClInclude Include="TextureMapping\CTextureFromBMP.h">
      <Filter>Texture Manager</Filter>
    </ClInclude>
    <ClInclude Include="TextureMapping\lodepng.h">
      <Filter>Texture Manager</Filter>
    </ClInclude>
    <ClInclude Include="include\physics\particle_constraints.h">
      <Filter>Physics</Filter>
    </ClInclude>
    <ClInclude Include="cHangingChainEntity.h">
      <Filter>Physics\Entities</Filter>
    </ClInclude>
    <ClInclude Include="cEntity.h">
      <Filter>Physics\Entities</Filter>
    </ClInclude>
    <ClInclude Include="cLaser.h">
      <Filter>Physics\Shots</Filter>
    </ClInclude>
    <ClInclude Include="cConfigReaderJSON.h">
      <Filter>Config JSON</Filter>
    </ClInclude>
    <ClInclude Include="cBoxEntity.h">
      <Filter>Physics\Entities</Filter>
    </ClInclude>
    <ClInclude Include="cSpinningBladeEntity.h">
      <Filter>Physics\Entities</Filter>
    </ClInclude>
    <ClInclude Include="cTarget.h">
      <Filter>Physics\Entities</Filter>
    </ClInclude>
    <ClInclude Include="particle_force_generators.h">
      <Filter>Physics</Filter>
    </ClInclude>
    <ClInclude Include="cSpringParticle.h">
      <Filter>Physics\Entities</Filter>
    </ClInclude>
  </ItemGroup>
  <ItemGroup>
    <None Include="..\common\assets\shaders\fragShader_01.glsl">
      <Filter>Shader Manager\Shaders</Filter>
    </None>
    <None Include="..\common\assets\shaders\vertShader_01.glsl">
      <Filter>Shader Manager\Shaders</Filter>
    </None>
    <None Include="Config.json">
      <Filter>Config JSON</Filter>
    </None>
  </ItemGroup>
  <ItemGroup>
    <Text Include="..\common\assets\worldFile.txt">
      <Filter>Source Files</Filter>
    </Text>
    <Text Include="..\common\assets\lights.txt">
      <Filter>Source Files</Filter>
    </Text>
  </ItemGroup>
</Project>